// !$*UTF8*$!
{
	archiveVersion = 1;
	classes = {
	};
	objectVersion = 46;
	objects = {

/* Begin PBXBuildFile section */
		0A9CC0E415D2685100FCD66A /* Foundation.framework in Frameworks */ = {isa = PBXBuildFile; fileRef = 0A371F6B15C52F21000269BA /* Foundation.framework */; };
		0A9CC0F215D2685200FCD66A /* SenTestingKit.framework in Frameworks */ = {isa = PBXBuildFile; fileRef = 0A371F7A15C52F22000269BA /* SenTestingKit.framework */; };
		0A9CC0F415D2685200FCD66A /* Foundation.framework in Frameworks */ = {isa = PBXBuildFile; fileRef = 0A371F6B15C52F21000269BA /* Foundation.framework */; };
		0A9CC11915D2686600FCD66A /* SenTestingKit.framework in Frameworks */ = {isa = PBXBuildFile; fileRef = 0A371F7A15C52F22000269BA /* SenTestingKit.framework */; };
		0A9CC14515D268A300FCD66A /* QUnitTestsTests.m in Sources */ = {isa = PBXBuildFile; fileRef = 0A9CC14415D268A300FCD66A /* QUnitTestsTests.m */; };
		0A9CC14615D268A300FCD66A /* QUnitTestsTests.m in Sources */ = {isa = PBXBuildFile; fileRef = 0A9CC14415D268A300FCD66A /* QUnitTestsTests.m */; };
		0A9CC14E15D268AD00FCD66A /* QUnit.h in Headers */ = {isa = PBXBuildFile; fileRef = 0A9CC14815D268AD00FCD66A /* QUnit.h */; };
		0A9CC14F15D268AD00FCD66A /* QUnit.m in Sources */ = {isa = PBXBuildFile; fileRef = 0A9CC14915D268AD00FCD66A /* QUnit.m */; };
		0A9CC15015D268AD00FCD66A /* QUnit.m in Sources */ = {isa = PBXBuildFile; fileRef = 0A9CC14915D268AD00FCD66A /* QUnit.m */; };
		0A9CC15115D268AD00FCD66A /* QUnitTests.h in Headers */ = {isa = PBXBuildFile; fileRef = 0A9CC14A15D268AD00FCD66A /* QUnitTests.h */; };
		0A9CC15215D268AD00FCD66A /* QUnitTests.m in Sources */ = {isa = PBXBuildFile; fileRef = 0A9CC14B15D268AD00FCD66A /* QUnitTests.m */; };
		0A9CC15315D268AD00FCD66A /* QUnitTests.m in Sources */ = {isa = PBXBuildFile; fileRef = 0A9CC14B15D268AD00FCD66A /* QUnitTests.m */; };
		0A9CC15415D268AD00FCD66A /* QUWrap.h in Headers */ = {isa = PBXBuildFile; fileRef = 0A9CC14C15D268AD00FCD66A /* QUWrap.h */; };
		0A9CC15515D268AD00FCD66A /* QUWrap.m in Sources */ = {isa = PBXBuildFile; fileRef = 0A9CC14D15D268AD00FCD66A /* QUWrap.m */; };
		0A9CC15615D268AD00FCD66A /* QUWrap.m in Sources */ = {isa = PBXBuildFile; fileRef = 0A9CC14D15D268AD00FCD66A /* QUWrap.m */; };
		0A9CC15715D2690100FCD66A /* SenTestingKit.framework in Frameworks */ = {isa = PBXBuildFile; fileRef = 0A371F7A15C52F22000269BA /* SenTestingKit.framework */; };
		0A9CC15815D2690B00FCD66A /* Cocoa.framework in Frameworks */ = {isa = PBXBuildFile; fileRef = 0AA572EE15CB92E700F54B36 /* Cocoa.framework */; };
		0A9CC15915D2691400FCD66A /* SenTestingKit.framework in Frameworks */ = {isa = PBXBuildFile; fileRef = 0A371F7A15C52F22000269BA /* SenTestingKit.framework */; };
		0A9CC15A15D2693600FCD66A /* Cocoa.framework in Frameworks */ = {isa = PBXBuildFile; fileRef = 0AA572EE15CB92E700F54B36 /* Cocoa.framework */; };
		0A9CC15B15D2696000FCD66A /* libQUnit.m-ios.a in Frameworks */ = {isa = PBXBuildFile; fileRef = 0A9CC0E315D2685100FCD66A /* libQUnit.m-ios.a */; };
		0A9CC15C15D2696700FCD66A /* libQUnit.m-osx.a in Frameworks */ = {isa = PBXBuildFile; fileRef = 0A9CC10B15D2686500FCD66A /* libQUnit.m-osx.a */; };
/* End PBXBuildFile section */

/* Begin PBXContainerItemProxy section */
		0A9CC0F515D2685200FCD66A /* PBXContainerItemProxy */ = {
			isa = PBXContainerItemProxy;
			containerPortal = 0A371F5F15C52F21000269BA /* Project object */;
			proxyType = 1;
			remoteGlobalIDString = 0A9CC0E215D2685100FCD66A;
			remoteInfo = "QUnit.m-ios";
		};
		0A9CC11B15D2686600FCD66A /* PBXContainerItemProxy */ = {
			isa = PBXContainerItemProxy;
			containerPortal = 0A371F5F15C52F21000269BA /* Project object */;
			proxyType = 1;
			remoteGlobalIDString = 0A9CC10A15D2686500FCD66A;
			remoteInfo = "QUnit.m-osx";
		};
/* End PBXContainerItemProxy section */

/* Begin PBXCopyFilesBuildPhase section */
		0A9CC0E115D2685100FCD66A /* CopyFiles */ = {
			isa = PBXCopyFilesBuildPhase;
			buildActionMask = 2147483647;
			dstPath = "include/${PRODUCT_NAME}";
			dstSubfolderSpec = 16;
			files = (
			);
			runOnlyForDeploymentPostprocessing = 0;
		};
/* End PBXCopyFilesBuildPhase section */

/* Begin PBXFileReference section */
		0A371F6B15C52F21000269BA /* Foundation.framework */ = {isa = PBXFileReference; lastKnownFileType = wrapper.framework; name = Foundation.framework; path = System/Library/Frameworks/Foundation.framework; sourceTree = SDKROOT; };
		0A371F7A15C52F22000269BA /* SenTestingKit.framework */ = {isa = PBXFileReference; lastKnownFileType = wrapper.framework; name = SenTestingKit.framework; path = Library/Frameworks/SenTestingKit.framework; sourceTree = DEVELOPER_DIR; };
		0A7EF1F815CA2C5F00693F87 /* LICENSE */ = {isa = PBXFileReference; lastKnownFileType = text; path = LICENSE; sourceTree = "<group>"; };
		0A7EF1F915CA2C5F00693F87 /* README.md */ = {isa = PBXFileReference; lastKnownFileType = text; path = README.md; sourceTree = "<group>"; };
		0A9CC0E315D2685100FCD66A /* libQUnit.m-ios.a */ = {isa = PBXFileReference; explicitFileType = archive.ar; includeInIndex = 0; path = "libQUnit.m-ios.a"; sourceTree = BUILT_PRODUCTS_DIR; };
		0A9CC0F115D2685200FCD66A /* QUnit.m-iosTests.octest */ = {isa = PBXFileReference; explicitFileType = wrapper.cfbundle; includeInIndex = 0; path = "QUnit.m-iosTests.octest"; sourceTree = BUILT_PRODUCTS_DIR; };
		0A9CC10B15D2686500FCD66A /* libQUnit.m-osx.a */ = {isa = PBXFileReference; explicitFileType = archive.ar; includeInIndex = 0; path = "libQUnit.m-osx.a"; sourceTree = BUILT_PRODUCTS_DIR; };
		0A9CC11815D2686500FCD66A /* QUnit.m-osxTests.octest */ = {isa = PBXFileReference; explicitFileType = wrapper.cfbundle; includeInIndex = 0; path = "QUnit.m-osxTests.octest"; sourceTree = BUILT_PRODUCTS_DIR; };
		0A9CC12F15D2689A00FCD66A /* QUnit.m-ios-Prefix.pch */ = {isa = PBXFileReference; lastKnownFileType = sourcecode.c.h; path = "QUnit.m-ios-Prefix.pch"; sourceTree = "<group>"; };
		0A9CC13415D2689A00FCD66A /* en */ = {isa = PBXFileReference; lastKnownFileType = text.plist.strings; name = en; path = en.lproj/InfoPlist.strings; sourceTree = "<group>"; };
		0A9CC13515D2689A00FCD66A /* QUnit.m-iosTests-Info.plist */ = {isa = PBXFileReference; lastKnownFileType = text.plist.xml; path = "QUnit.m-iosTests-Info.plist"; sourceTree = "<group>"; };
		0A9CC13915D2689A00FCD66A /* QUnit.m-osx-Prefix.pch */ = {isa = PBXFileReference; lastKnownFileType = sourcecode.c.h; path = "QUnit.m-osx-Prefix.pch"; sourceTree = "<group>"; };
		0A9CC13E15D2689A00FCD66A /* en */ = {isa = PBXFileReference; lastKnownFileType = text.plist.strings; name = en; path = en.lproj/InfoPlist.strings; sourceTree = "<group>"; };
		0A9CC13F15D2689A00FCD66A /* QUnit.m-osxTests-Info.plist */ = {isa = PBXFileReference; lastKnownFileType = text.plist.xml; path = "QUnit.m-osxTests-Info.plist"; sourceTree = "<group>"; };
		0A9CC14315D268A300FCD66A /* QUnitTestsTests.h */ = {isa = PBXFileReference; fileEncoding = 4; lastKnownFileType = sourcecode.c.h; path = QUnitTestsTests.h; sourceTree = "<group>"; };
		0A9CC14415D268A300FCD66A /* QUnitTestsTests.m */ = {isa = PBXFileReference; fileEncoding = 4; lastKnownFileType = sourcecode.c.objc; path = QUnitTestsTests.m; sourceTree = "<group>"; };
		0A9CC14815D268AD00FCD66A /* QUnit.h */ = {isa = PBXFileReference; fileEncoding = 4; lastKnownFileType = sourcecode.c.h; path = QUnit.h; sourceTree = "<group>"; };
		0A9CC14915D268AD00FCD66A /* QUnit.m */ = {isa = PBXFileReference; fileEncoding = 4; lastKnownFileType = sourcecode.c.objc; path = QUnit.m; sourceTree = "<group>"; };
		0A9CC14A15D268AD00FCD66A /* QUnitTests.h */ = {isa = PBXFileReference; fileEncoding = 4; lastKnownFileType = sourcecode.c.h; path = QUnitTests.h; sourceTree = "<group>"; };
		0A9CC14B15D268AD00FCD66A /* QUnitTests.m */ = {isa = PBXFileReference; fileEncoding = 4; lastKnownFileType = sourcecode.c.objc; path = QUnitTests.m; sourceTree = "<group>"; };
		0A9CC14C15D268AD00FCD66A /* QUWrap.h */ = {isa = PBXFileReference; fileEncoding = 4; lastKnownFileType = sourcecode.c.h; path = QUWrap.h; sourceTree = "<group>"; };
		0A9CC14D15D268AD00FCD66A /* QUWrap.m */ = {isa = PBXFileReference; fileEncoding = 4; lastKnownFileType = sourcecode.c.objc; path = QUWrap.m; sourceTree = "<group>"; };
		0AA5727515CB91DB00F54B36 /* UIKit.framework */ = {isa = PBXFileReference; lastKnownFileType = wrapper.framework; name = UIKit.framework; path = System/Library/Frameworks/UIKit.framework; sourceTree = SDKROOT; };
		0AA5729215CB91F300F54B36 /* AppKit.framework */ = {isa = PBXFileReference; lastKnownFileType = wrapper.framework; name = AppKit.framework; path = Library/Frameworks/AppKit.framework; sourceTree = SDKROOT; };
		0AA5729315CB91F300F54B36 /* CoreData.framework */ = {isa = PBXFileReference; lastKnownFileType = wrapper.framework; name = CoreData.framework; path = Library/Frameworks/CoreData.framework; sourceTree = SDKROOT; };
		0AA5729415CB91F300F54B36 /* Foundation.framework */ = {isa = PBXFileReference; lastKnownFileType = wrapper.framework; name = Foundation.framework; path = Library/Frameworks/Foundation.framework; sourceTree = SDKROOT; };
		0AA572EE15CB92E700F54B36 /* Cocoa.framework */ = {isa = PBXFileReference; lastKnownFileType = wrapper.framework; name = Cocoa.framework; path = Platforms/MacOSX.platform/Developer/SDKs/MacOSX10.8.sdk/System/Library/Frameworks/Cocoa.framework; sourceTree = DEVELOPER_DIR; };
/* End PBXFileReference section */

/* Begin PBXFrameworksBuildPhase section */
		0A9CC0E015D2685100FCD66A /* Frameworks */ = {
			isa = PBXFrameworksBuildPhase;
			buildActionMask = 2147483647;
			files = (
				0A9CC15715D2690100FCD66A /* SenTestingKit.framework in Frameworks */,
				0A9CC0E415D2685100FCD66A /* Foundation.framework in Frameworks */,
			);
			runOnlyForDeploymentPostprocessing = 0;
		};
		0A9CC0ED15D2685200FCD66A /* Frameworks */ = {
			isa = PBXFrameworksBuildPhase;
			buildActionMask = 2147483647;
			files = (
				0A9CC15B15D2696000FCD66A /* libQUnit.m-ios.a in Frameworks */,
				0A9CC0F215D2685200FCD66A /* SenTestingKit.framework in Frameworks */,
				0A9CC0F415D2685200FCD66A /* Foundation.framework in Frameworks */,
			);
			runOnlyForDeploymentPostprocessing = 0;
		};
		0A9CC10815D2686500FCD66A /* Frameworks */ = {
			isa = PBXFrameworksBuildPhase;
			buildActionMask = 2147483647;
			files = (
				0A9CC15915D2691400FCD66A /* SenTestingKit.framework in Frameworks */,
				0A9CC15815D2690B00FCD66A /* Cocoa.framework in Frameworks */,
			);
			runOnlyForDeploymentPostprocessing = 0;
		};
		0A9CC11415D2686500FCD66A /* Frameworks */ = {
			isa = PBXFrameworksBuildPhase;
			buildActionMask = 2147483647;
			files = (
				0A9CC15C15D2696700FCD66A /* libQUnit.m-osx.a in Frameworks */,
				0A9CC15A15D2693600FCD66A /* Cocoa.framework in Frameworks */,
				0A9CC11915D2686600FCD66A /* SenTestingKit.framework in Frameworks */,
			);
			runOnlyForDeploymentPostprocessing = 0;
		};
/* End PBXFrameworksBuildPhase section */

/* Begin PBXGroup section */
		0A371F5D15C52F21000269BA = {
			isa = PBXGroup;
			children = (
				0A7EF1F915CA2C5F00693F87 /* README.md */,
				0A7EF1F815CA2C5F00693F87 /* LICENSE */,
				0A9CC14715D268AD00FCD66A /* Lib */,
				0A9CC14215D268A300FCD66A /* Tests */,
				0A9CC12D15D2689A00FCD66A /* Config */,
				0A371F6A15C52F21000269BA /* Frameworks */,
				0A371F6915C52F21000269BA /* Products */,
			);
			sourceTree = "<group>";
		};
		0A371F6915C52F21000269BA /* Products */ = {
			isa = PBXGroup;
			children = (
				0A9CC0E315D2685100FCD66A /* libQUnit.m-ios.a */,
				0A9CC0F115D2685200FCD66A /* QUnit.m-iosTests.octest */,
				0A9CC10B15D2686500FCD66A /* libQUnit.m-osx.a */,
				0A9CC11815D2686500FCD66A /* QUnit.m-osxTests.octest */,
			);
			name = Products;
			sourceTree = "<group>";
		};
		0A371F6A15C52F21000269BA /* Frameworks */ = {
			isa = PBXGroup;
			children = (
				0A371F6B15C52F21000269BA /* Foundation.framework */,
				0A371F7A15C52F22000269BA /* SenTestingKit.framework */,
				0AA5727515CB91DB00F54B36 /* UIKit.framework */,
				0AA572EE15CB92E700F54B36 /* Cocoa.framework */,
				0AA5729115CB91F300F54B36 /* Other Frameworks */,
			);
			name = Frameworks;
			sourceTree = "<group>";
		};
		0A9CC12D15D2689A00FCD66A /* Config */ = {
			isa = PBXGroup;
			children = (
				0A9CC12E15D2689A00FCD66A /* QUnit.m-ios */,
				0A9CC13215D2689A00FCD66A /* QUnit.m-iosTests */,
				0A9CC13815D2689A00FCD66A /* QUnit.m-osx */,
				0A9CC13C15D2689A00FCD66A /* QUnit.m-osxTests */,
			);
			path = Config;
			sourceTree = "<group>";
		};
		0A9CC12E15D2689A00FCD66A /* QUnit.m-ios */ = {
			isa = PBXGroup;
			children = (
				0A9CC12F15D2689A00FCD66A /* QUnit.m-ios-Prefix.pch */,
			);
			path = "QUnit.m-ios";
			sourceTree = "<group>";
		};
		0A9CC13215D2689A00FCD66A /* QUnit.m-iosTests */ = {
			isa = PBXGroup;
			children = (
				0A9CC13315D2689A00FCD66A /* InfoPlist.strings */,
				0A9CC13515D2689A00FCD66A /* QUnit.m-iosTests-Info.plist */,
			);
			path = "QUnit.m-iosTests";
			sourceTree = "<group>";
		};
		0A9CC13815D2689A00FCD66A /* QUnit.m-osx */ = {
			isa = PBXGroup;
			children = (
				0A9CC13915D2689A00FCD66A /* QUnit.m-osx-Prefix.pch */,
			);
			path = "QUnit.m-osx";
			sourceTree = "<group>";
		};
		0A9CC13C15D2689A00FCD66A /* QUnit.m-osxTests */ = {
			isa = PBXGroup;
			children = (
				0A9CC13D15D2689A00FCD66A /* InfoPlist.strings */,
				0A9CC13F15D2689A00FCD66A /* QUnit.m-osxTests-Info.plist */,
			);
			path = "QUnit.m-osxTests";
			sourceTree = "<group>";
		};
		0A9CC14215D268A300FCD66A /* Tests */ = {
			isa = PBXGroup;
			children = (
				0A9CC14315D268A300FCD66A /* QUnitTestsTests.h */,
				0A9CC14415D268A300FCD66A /* QUnitTestsTests.m */,
			);
			path = Tests;
			sourceTree = "<group>";
		};
		0A9CC14715D268AD00FCD66A /* Lib */ = {
			isa = PBXGroup;
			children = (
				0A9CC14815D268AD00FCD66A /* QUnit.h */,
				0A9CC14915D268AD00FCD66A /* QUnit.m */,
				0A9CC14A15D268AD00FCD66A /* QUnitTests.h */,
				0A9CC14B15D268AD00FCD66A /* QUnitTests.m */,
				0A9CC14C15D268AD00FCD66A /* QUWrap.h */,
				0A9CC14D15D268AD00FCD66A /* QUWrap.m */,
			);
			path = Lib;
			sourceTree = "<group>";
		};
		0AA5729115CB91F300F54B36 /* Other Frameworks */ = {
			isa = PBXGroup;
			children = (
				0AA5729215CB91F300F54B36 /* AppKit.framework */,
				0AA5729315CB91F300F54B36 /* CoreData.framework */,
				0AA5729415CB91F300F54B36 /* Foundation.framework */,
			);
			name = "Other Frameworks";
			sourceTree = "<group>";
		};
/* End PBXGroup section */

/* Begin PBXHeadersBuildPhase section */
		0A9CC10915D2686500FCD66A /* Headers */ = {
			isa = PBXHeadersBuildPhase;
			buildActionMask = 2147483647;
			files = (
				0A9CC14E15D268AD00FCD66A /* QUnit.h in Headers */,
				0A9CC15115D268AD00FCD66A /* QUnitTests.h in Headers */,
				0A9CC15415D268AD00FCD66A /* QUWrap.h in Headers */,
			);
			runOnlyForDeploymentPostprocessing = 0;
		};
/* End PBXHeadersBuildPhase section */

/* Begin PBXNativeTarget section */
		0A9CC0E215D2685100FCD66A /* QUnit.m-ios */ = {
			isa = PBXNativeTarget;
			buildConfigurationList = 0A9CC10115D2685200FCD66A /* Build configuration list for PBXNativeTarget "QUnit.m-ios" */;
			buildPhases = (
				0A9CC0DF15D2685100FCD66A /* Sources */,
				0A9CC0E015D2685100FCD66A /* Frameworks */,
				0A9CC0E115D2685100FCD66A /* CopyFiles */,
			);
			buildRules = (
			);
			dependencies = (
			);
			name = "QUnit.m-ios";
			productName = "QUnit.m-ios";
			productReference = 0A9CC0E315D2685100FCD66A /* libQUnit.m-ios.a */;
			productType = "com.apple.product-type.library.static";
		};
		0A9CC0F015D2685200FCD66A /* QUnit.m-iosTests */ = {
			isa = PBXNativeTarget;
			buildConfigurationList = 0A9CC10415D2685200FCD66A /* Build configuration list for PBXNativeTarget "QUnit.m-iosTests" */;
			buildPhases = (
				0A9CC0EC15D2685200FCD66A /* Sources */,
				0A9CC0ED15D2685200FCD66A /* Frameworks */,
				0A9CC0EE15D2685200FCD66A /* Resources */,
				0A9CC0EF15D2685200FCD66A /* ShellScript */,
			);
			buildRules = (
			);
			dependencies = (
				0A9CC0F615D2685200FCD66A /* PBXTargetDependency */,
			);
			name = "QUnit.m-iosTests";
			productName = "QUnit.m-iosTests";
			productReference = 0A9CC0F115D2685200FCD66A /* QUnit.m-iosTests.octest */;
			productType = "com.apple.product-type.bundle";
		};
		0A9CC10A15D2686500FCD66A /* QUnit.m-osx */ = {
			isa = PBXNativeTarget;
			buildConfigurationList = 0A9CC12715D2686600FCD66A /* Build configuration list for PBXNativeTarget "QUnit.m-osx" */;
			buildPhases = (
				0A9CC10715D2686500FCD66A /* Sources */,
				0A9CC10815D2686500FCD66A /* Frameworks */,
				0A9CC10915D2686500FCD66A /* Headers */,
			);
			buildRules = (
			);
			dependencies = (
			);
			name = "QUnit.m-osx";
			productName = "QUnit.m-osx";
			productReference = 0A9CC10B15D2686500FCD66A /* libQUnit.m-osx.a */;
			productType = "com.apple.product-type.library.static";
		};
		0A9CC11715D2686500FCD66A /* QUnit.m-osxTests */ = {
			isa = PBXNativeTarget;
			buildConfigurationList = 0A9CC12A15D2686600FCD66A /* Build configuration list for PBXNativeTarget "QUnit.m-osxTests" */;
			buildPhases = (
				0A9CC11315D2686500FCD66A /* Sources */,
				0A9CC11415D2686500FCD66A /* Frameworks */,
				0A9CC11515D2686500FCD66A /* Resources */,
				0A9CC11615D2686500FCD66A /* ShellScript */,
			);
			buildRules = (
			);
			dependencies = (
				0A9CC11C15D2686600FCD66A /* PBXTargetDependency */,
			);
			name = "QUnit.m-osxTests";
			productName = "QUnit.m-osxTests";
			productReference = 0A9CC11815D2686500FCD66A /* QUnit.m-osxTests.octest */;
			productType = "com.apple.product-type.bundle";
		};
/* End PBXNativeTarget section */

/* Begin PBXProject section */
		0A371F5F15C52F21000269BA /* Project object */ = {
			isa = PBXProject;
			attributes = {
				CLASSPREFIX = QU;
				LastUpgradeCheck = 0440;
				ORGANIZATIONNAME = "Kevin Malakoff";
			};
			buildConfigurationList = 0A371F6215C52F21000269BA /* Build configuration list for PBXProject "QUnit.m" */;
			compatibilityVersion = "Xcode 3.2";
			developmentRegion = English;
			hasScannedForEncodings = 0;
			knownRegions = (
				en,
			);
			mainGroup = 0A371F5D15C52F21000269BA;
			productRefGroup = 0A371F6915C52F21000269BA /* Products */;
			projectDirPath = "";
			projectRoot = "";
			targets = (
				0A9CC0E215D2685100FCD66A /* QUnit.m-ios */,
				0A9CC0F015D2685200FCD66A /* QUnit.m-iosTests */,
				0A9CC10A15D2686500FCD66A /* QUnit.m-osx */,
				0A9CC11715D2686500FCD66A /* QUnit.m-osxTests */,
			);
		};
/* End PBXProject section */

/* Begin PBXResourcesBuildPhase section */
		0A9CC0EE15D2685200FCD66A /* Resources */ = {
			isa = PBXResourcesBuildPhase;
			buildActionMask = 2147483647;
			files = (
			);
			runOnlyForDeploymentPostprocessing = 0;
		};
		0A9CC11515D2686500FCD66A /* Resources */ = {
			isa = PBXResourcesBuildPhase;
			buildActionMask = 2147483647;
			files = (
			);
			runOnlyForDeploymentPostprocessing = 0;
		};
/* End PBXResourcesBuildPhase section */

/* Begin PBXShellScriptBuildPhase section */
		0A9CC0EF15D2685200FCD66A /* ShellScript */ = {
			isa = PBXShellScriptBuildPhase;
			buildActionMask = 2147483647;
			files = (
			);
			inputPaths = (
			);
			outputPaths = (
			);
			runOnlyForDeploymentPostprocessing = 0;
			shellPath = /bin/sh;
			shellScript = "# Run the unit tests in this test bundle.\n\"${SYSTEM_DEVELOPER_DIR}/Tools/RunUnitTests\"\n";
		};
		0A9CC11615D2686500FCD66A /* ShellScript */ = {
			isa = PBXShellScriptBuildPhase;
			buildActionMask = 2147483647;
			files = (
			);
			inputPaths = (
			);
			outputPaths = (
			);
			runOnlyForDeploymentPostprocessing = 0;
			shellPath = /bin/sh;
			shellScript = "# Run the unit tests in this test bundle.\n\"${SYSTEM_DEVELOPER_DIR}/Tools/RunUnitTests\"\n";
		};
/* End PBXShellScriptBuildPhase section */

/* Begin PBXSourcesBuildPhase section */
		0A9CC0DF15D2685100FCD66A /* Sources */ = {
			isa = PBXSourcesBuildPhase;
			buildActionMask = 2147483647;
			files = (
				0A9CC14F15D268AD00FCD66A /* QUnit.m in Sources */,
				0A9CC15215D268AD00FCD66A /* QUnitTests.m in Sources */,
				0A9CC15515D268AD00FCD66A /* QUWrap.m in Sources */,
			);
			runOnlyForDeploymentPostprocessing = 0;
		};
		0A9CC0EC15D2685200FCD66A /* Sources */ = {
			isa = PBXSourcesBuildPhase;
			buildActionMask = 2147483647;
			files = (
				0A9CC14515D268A300FCD66A /* QUnitTestsTests.m in Sources */,
			);
			runOnlyForDeploymentPostprocessing = 0;
		};
		0A9CC10715D2686500FCD66A /* Sources */ = {
			isa = PBXSourcesBuildPhase;
			buildActionMask = 2147483647;
			files = (
				0A9CC15015D268AD00FCD66A /* QUnit.m in Sources */,
				0A9CC15315D268AD00FCD66A /* QUnitTests.m in Sources */,
				0A9CC15615D268AD00FCD66A /* QUWrap.m in Sources */,
			);
			runOnlyForDeploymentPostprocessing = 0;
		};
		0A9CC11315D2686500FCD66A /* Sources */ = {
			isa = PBXSourcesBuildPhase;
			buildActionMask = 2147483647;
			files = (
				0A9CC14615D268A300FCD66A /* QUnitTestsTests.m in Sources */,
			);
			runOnlyForDeploymentPostprocessing = 0;
		};
/* End PBXSourcesBuildPhase section */

/* Begin PBXTargetDependency section */
		0A9CC0F615D2685200FCD66A /* PBXTargetDependency */ = {
			isa = PBXTargetDependency;
			target = 0A9CC0E215D2685100FCD66A /* QUnit.m-ios */;
			targetProxy = 0A9CC0F515D2685200FCD66A /* PBXContainerItemProxy */;
		};
		0A9CC11C15D2686600FCD66A /* PBXTargetDependency */ = {
			isa = PBXTargetDependency;
			target = 0A9CC10A15D2686500FCD66A /* QUnit.m-osx */;
			targetProxy = 0A9CC11B15D2686600FCD66A /* PBXContainerItemProxy */;
		};
/* End PBXTargetDependency section */

/* Begin PBXVariantGroup section */
		0A9CC13315D2689A00FCD66A /* InfoPlist.strings */ = {
			isa = PBXVariantGroup;
			children = (
				0A9CC13415D2689A00FCD66A /* en */,
			);
			name = InfoPlist.strings;
			sourceTree = "<group>";
		};
		0A9CC13D15D2689A00FCD66A /* InfoPlist.strings */ = {
			isa = PBXVariantGroup;
			children = (
				0A9CC13E15D2689A00FCD66A /* en */,
			);
			name = InfoPlist.strings;
			sourceTree = "<group>";
		};
/* End PBXVariantGroup section */

/* Begin XCBuildConfiguration section */
		0A371F8B15C52F22000269BA /* Debug */ = {
			isa = XCBuildConfiguration;
			buildSettings = {
				ALWAYS_SEARCH_USER_PATHS = NO;
				ARCHS = "$(ARCHS_STANDARD_32_BIT)";
				CLANG_CXX_LANGUAGE_STANDARD = "gnu++0x";
				CLANG_ENABLE_OBJC_ARC = YES;
				CLANG_WARN__DUPLICATE_METHOD_MATCH = YES;
				COPY_PHASE_STRIP = NO;
				GCC_C_LANGUAGE_STANDARD = gnu99;
				GCC_DYNAMIC_NO_PIC = NO;
				GCC_OPTIMIZATION_LEVEL = 0;
				GCC_PREPROCESSOR_DEFINITIONS = (
					"DEBUG=1",
					"$(inherited)",
				);
				GCC_SYMBOLS_PRIVATE_EXTERN = NO;
				GCC_VERSION = com.apple.compilers.llvm.clang.1_0;
				GCC_WARN_ABOUT_RETURN_TYPE = YES;
				GCC_WARN_UNINITIALIZED_AUTOS = YES;
				GCC_WARN_UNUSED_VARIABLE = YES;
				IPHONEOS_DEPLOYMENT_TARGET = 5.1;
				SDKROOT = iphoneos;
			};
			name = Debug;
		};
		0A371F8C15C52F22000269BA /* Release */ = {
			isa = XCBuildConfiguration;
			buildSettings = {
				ALWAYS_SEARCH_USER_PATHS = NO;
				ARCHS = "$(ARCHS_STANDARD_32_BIT)";
				CLANG_CXX_LANGUAGE_STANDARD = "gnu++0x";
				CLANG_ENABLE_OBJC_ARC = YES;
				CLANG_WARN__DUPLICATE_METHOD_MATCH = YES;
				COPY_PHASE_STRIP = YES;
				GCC_C_LANGUAGE_STANDARD = gnu99;
				GCC_VERSION = com.apple.compilers.llvm.clang.1_0;
				GCC_WARN_ABOUT_RETURN_TYPE = YES;
				GCC_WARN_UNINITIALIZED_AUTOS = YES;
				GCC_WARN_UNUSED_VARIABLE = YES;
				IPHONEOS_DEPLOYMENT_TARGET = 5.1;
				SDKROOT = iphoneos;
				VALIDATE_PRODUCT = YES;
			};
			name = Release;
		};
		0A9CC10215D2685200FCD66A /* Debug */ = {
			isa = XCBuildConfiguration;
			buildSettings = {
				DSTROOT = /tmp/QUnit_m_ios.dst;
				FRAMEWORK_SEARCH_PATHS = (
					"$(inherited)",
					"\"$(SYSTEM_APPS_DIR)/Xcode.app/Contents/Developer/Library/Frameworks\"",
				);
				GCC_PRECOMPILE_PREFIX_HEADER = YES;
				GCC_PREFIX_HEADER = "Config/QUnit.m-ios/QUnit.m-ios-Prefix.pch";
				OTHER_LDFLAGS = "-ObjC";
				PRODUCT_NAME = "$(TARGET_NAME)";
				SKIP_INSTALL = YES;
			};
			name = Debug;
		};
		0A9CC10315D2685200FCD66A /* Release */ = {
			isa = XCBuildConfiguration;
			buildSettings = {
				DSTROOT = /tmp/QUnit_m_ios.dst;
				FRAMEWORK_SEARCH_PATHS = (
					"$(inherited)",
					"\"$(SYSTEM_APPS_DIR)/Xcode.app/Contents/Developer/Library/Frameworks\"",
				);
				GCC_PRECOMPILE_PREFIX_HEADER = YES;
				GCC_PREFIX_HEADER = "Config/QUnit.m-ios/QUnit.m-ios-Prefix.pch";
				OTHER_LDFLAGS = "-ObjC";
				PRODUCT_NAME = "$(TARGET_NAME)";
				SKIP_INSTALL = YES;
			};
			name = Release;
		};
		0A9CC10515D2685200FCD66A /* Debug */ = {
			isa = XCBuildConfiguration;
			buildSettings = {
				FRAMEWORK_SEARCH_PATHS = (
					"\"$(SDKROOT)/Developer/Library/Frameworks\"",
					"\"$(DEVELOPER_LIBRARY_DIR)/Frameworks\"",
				);
				GCC_PRECOMPILE_PREFIX_HEADER = YES;
				GCC_PREFIX_HEADER = "Config/QUnit.m-ios/QUnit.m-ios-Prefix.pch";
				INFOPLIST_FILE = "Config/QUnit.m-iosTests/QUnit.m-iosTests-Info.plist";
				PRODUCT_NAME = "$(TARGET_NAME)";
				WRAPPER_EXTENSION = octest;
			};
			name = Debug;
		};
		0A9CC10615D2685200FCD66A /* Release */ = {
			isa = XCBuildConfiguration;
			buildSettings = {
				FRAMEWORK_SEARCH_PATHS = (
					"\"$(SDKROOT)/Developer/Library/Frameworks\"",
					"\"$(DEVELOPER_LIBRARY_DIR)/Frameworks\"",
				);
				GCC_PRECOMPILE_PREFIX_HEADER = YES;
				GCC_PREFIX_HEADER = "Config/QUnit.m-ios/QUnit.m-ios-Prefix.pch";
				INFOPLIST_FILE = "Config/QUnit.m-iosTests/QUnit.m-iosTests-Info.plist";
				PRODUCT_NAME = "$(TARGET_NAME)";
				WRAPPER_EXTENSION = octest;
			};
			name = Release;
		};
		0A9CC12815D2686600FCD66A /* Debug */ = {
			isa = XCBuildConfiguration;
			buildSettings = {
				ARCHS = "$(ARCHS_STANDARD_64_BIT)";
				FRAMEWORK_SEARCH_PATHS = (
					"$(inherited)",
					"\"$(SYSTEM_APPS_DIR)/Xcode.app/Contents/Developer/Library/Frameworks\"",
				);
				GCC_ENABLE_OBJC_EXCEPTIONS = YES;
				GCC_PRECOMPILE_PREFIX_HEADER = YES;
				GCC_PREFIX_HEADER = "Config/QUnit.m-osx/QUnit.m-osx-Prefix.pch";
				GCC_WARN_64_TO_32_BIT_CONVERSION = YES;
				MACOSX_DEPLOYMENT_TARGET = 10.8;
				ONLY_ACTIVE_ARCH = YES;
				PRODUCT_NAME = "$(TARGET_NAME)";
				SDKROOT = macosx;
			};
			name = Debug;
		};
		0A9CC12915D2686600FCD66A /* Release */ = {
			isa = XCBuildConfiguration;
			buildSettings = {
				ARCHS = "$(ARCHS_STANDARD_64_BIT)";
				DEBUG_INFORMATION_FORMAT = "dwarf-with-dsym";
				FRAMEWORK_SEARCH_PATHS = (
					"$(inherited)",
					"\"$(SYSTEM_APPS_DIR)/Xcode.app/Contents/Developer/Library/Frameworks\"",
				);
				GCC_ENABLE_OBJC_EXCEPTIONS = YES;
				GCC_PRECOMPILE_PREFIX_HEADER = YES;
				GCC_PREFIX_HEADER = "Config/QUnit.m-osx/QUnit.m-osx-Prefix.pch";
				GCC_WARN_64_TO_32_BIT_CONVERSION = YES;
				MACOSX_DEPLOYMENT_TARGET = 10.8;
				PRODUCT_NAME = "$(TARGET_NAME)";
				SDKROOT = macosx;
			};
			name = Release;
		};
		0A9CC12B15D2686600FCD66A /* Debug */ = {
			isa = XCBuildConfiguration;
			buildSettings = {
				ARCHS = "$(ARCHS_STANDARD_64_BIT)";
				COMBINE_HIDPI_IMAGES = YES;
				FRAMEWORK_SEARCH_PATHS = "\"$(DEVELOPER_LIBRARY_DIR)/Frameworks\"";
				GCC_ENABLE_OBJC_EXCEPTIONS = YES;
				GCC_PRECOMPILE_PREFIX_HEADER = YES;
				GCC_PREFIX_HEADER = "Config/QUnit.m-osx/QUnit.m-osx-Prefix.pch";
				GCC_WARN_64_TO_32_BIT_CONVERSION = YES;
				INFOPLIST_FILE = "Config/QUnit.m-osxTests/QUnit.m-osxTests-Info.plist";
				MACOSX_DEPLOYMENT_TARGET = 10.8;
				ONLY_ACTIVE_ARCH = YES;
				PRODUCT_NAME = "$(TARGET_NAME)";
				SDKROOT = macosx;
				WRAPPER_EXTENSION = octest;
			};
			name = Debug;
		};
		0A9CC12C15D2686600FCD66A /* Release */ = {
			isa = XCBuildConfiguration;
			buildSettings = {
				ARCHS = "$(ARCHS_STANDARD_64_BIT)";
				COMBINE_HIDPI_IMAGES = YES;
				DEBUG_INFORMATION_FORMAT = "dwarf-with-dsym";
				FRAMEWORK_SEARCH_PATHS = "\"$(DEVELOPER_LIBRARY_DIR)/Frameworks\"";
				GCC_ENABLE_OBJC_EXCEPTIONS = YES;
				GCC_PRECOMPILE_PREFIX_HEADER = YES;
				GCC_PREFIX_HEADER = "Config/QUnit.m-osx/QUnit.m-osx-Prefix.pch";
				GCC_WARN_64_TO_32_BIT_CONVERSION = YES;
				INFOPLIST_FILE = "Config/QUnit.m-osxTests/QUnit.m-osxTests-Info.plist";
				MACOSX_DEPLOYMENT_TARGET = 10.8;
				PRODUCT_NAME = "$(TARGET_NAME)";
				SDKROOT = macosx;
				WRAPPER_EXTENSION = octest;
			};
			name = Release;
		};
/* End XCBuildConfiguration section */

/* Begin XCConfigurationList section */
		0A371F6215C52F21000269BA /* Build configuration list for PBXProject "QUnit.m" */ = {
			isa = XCConfigurationList;
			buildConfigurations = (
				0A371F8B15C52F22000269BA /* Debug */,
				0A371F8C15C52F22000269BA /* Release */,
			);
			defaultConfigurationIsVisible = 0;
			defaultConfigurationName = Release;
		};
		0A9CC10115D2685200FCD66A /* Build configuration list for PBXNativeTarget "QUnit.m-ios" */ = {
			isa = XCConfigurationList;
			buildConfigurations = (
				0A9CC10215D2685200FCD66A /* Debug */,
				0A9CC10315D2685200FCD66A /* Release */,
			);
			defaultConfigurationIsVisible = 0;
			defaultConfigurationName = Release;
		};
		0A9CC10415D2685200FCD66A /* Build configuration list for PBXNativeTarget "QUnit.m-iosTests" */ = {
			isa = XCConfigurationList;
			buildConfigurations = (
				0A9CC10515D2685200FCD66A /* Debug */,
				0A9CC10615D2685200FCD66A /* Release */,
			);
			defaultConfigurationIsVisible = 0;
			defaultConfigurationName = Release;
		};
		0A9CC12715D2686600FCD66A /* Build configuration list for PBXNativeTarget "QUnit.m-osx" */ = {
			isa = XCConfigurationList;
			buildConfigurations = (
				0A9CC12815D2686600FCD66A /* Debug */,
				0A9CC12915D2686600FCD66A /* Release */,
			);
			defaultConfigurationIsVisible = 0;
			defaultConfigurationName = Release;
		};
		0A9CC12A15D2686600FCD66A /* Build configuration list for PBXNativeTarget "QUnit.m-osxTests" */ = {
			isa = XCConfigurationList;
			buildConfigurations = (
				0A9CC12B15D2686600FCD66A /* Debug */,
				0A9CC12C15D2686600FCD66A /* Release */,
			);
			defaultConfigurationIsVisible = 0;
			defaultConfigurationName = Release;
		};
/* End XCConfigurationList section */
	};
	rootObject = 0A371F5F15C52F21000269BA /* Project object */;
}
